
Microsoft Visual Studio Solution File, Format Version 12.00
# Visual Studio Version 17
VisualStudioVersion = 17.9.34714.143
MinimumVisualStudioVersion = 10.0.40219.1
Project("{FAE04EC0-301F-11D3-BF4B-00C04F79EFBC}") = "LibFinder", "LibFinder\LibFinder.csproj", "{01F5AA85-4978-4B76-89E7-548B7787ABD0}"
EndProject
Global
	GlobalSection(SolutionConfigurationPlatforms) = preSolution
		Debug|Any CPU = Debug|Any CPU
		Release|Any CPU = Release|Any CPU
	EndGlobalSection
	GlobalSection(ProjectConfigurationPlatforms) = postSolution
		{01F5AA85-4978-4B76-89E7-548B7787ABD0}.Debug|Any CPU.ActiveCfg = Debug|Any CPU
		{01F5AA85-4978-4B76-89E7-548B7787ABD0}.Debug|Any CPU.Build.0 = Debug|Any CPU
		{01F5AA85-4978-4B76-89E7-548B7787ABD0}.Release|Any CPU.ActiveCfg = Release|Any CPU
		{01F5AA85-4978-4B76-89E7-548B7787ABD0}.Release|Any CPU.Build.0 = Release|Any CPU
	EndGlobalSection
	GlobalSection(SolutionProperties) = preSolution
		HideSolutionNode = FALSE
	EndGlobalSection
	GlobalSection(ExtensibilityGlobals) = postSolution
		SolutionGuid = {158D04C9-720F-4DF7-BB52-8A10EA13B6B2}
	EndGlobalSection
EndGlobal
